
Microsoft Visual Studio Solution File, Format Version 12.00
# Visual Studio 15
VisualStudioVersion = 15.0.27130.2010
MinimumVisualStudioVersion = 10.0.40219.1
Project("{9A19103F-16F7-4668-BE54-9A1E7A4F7556}") = "Spherus.Notifications.Mail.SparkPost", "Spherus.Notifications.Mail.SparkPost\Spherus.Notifications.Mail.SparkPost.csproj", "{C63481AD-AEF7-458D-B31C-5BB5C4389747}"
EndProject
Global
	GlobalSection(SolutionConfigurationPlatforms) = preSolution
		Debug|Any CPU = Debug|Any CPU
		Release|Any CPU = Release|Any CPU
	EndGlobalSection
	GlobalSection(ProjectConfigurationPlatforms) = postSolution
		{C63481AD-AEF7-458D-B31C-5BB5C4389747}.Debug|Any CPU.ActiveCfg = Debug|Any CPU
		{C63481AD-AEF7-458D-B31C-5BB5C4389747}.Debug|Any CPU.Build.0 = Debug|Any CPU
		{C63481AD-AEF7-458D-B31C-5BB5C4389747}.Release|Any CPU.ActiveCfg = Release|Any CPU
		{C63481AD-AEF7-458D-B31C-5BB5C4389747}.Release|Any CPU.Build.0 = Release|Any CPU
	EndGlobalSection
	GlobalSection(SolutionProperties) = preSolution
		HideSolutionNode = FALSE
	EndGlobalSection
	GlobalSection(ExtensibilityGlobals) = postSolution
		SolutionGuid = {1BBF0ECF-A45E-4595-97D8-8E5D7145241A}
	EndGlobalSection
EndGlobal
